# @generated by Move, please check-in and do not edit manually.

[move]
version = 3
manifest_digest = "187B6496E873163472FFC3A028D6878CE0A73F8BEDAD9CAFD0CADC356645F1D5"
deps_digest = "3C4103934B1E040BB6B23F1D610B4EF9F2F1166A50A104EADCF77467C004C600"
dependencies = [
  { id = "AftermathAmm", name = "AftermathAmm" },
  { id = "Sui", name = "Sui" },
]

[[move.package]]
id = "AftermathAmm"
source = { git = "https://github.com/AftermathFinance/move-interfaces.git", rev = "main", subdir = "packages/amm/amm" }

dependencies = [
  { id = "AmmMath", name = "AmmMath" },
  { id = "ProtocolFeeVault", name = "ProtocolFeeVault" },
  { id = "Sui", name = "Sui" },
]

[[move.package]]
id = "AmmMath"
source = { git = "https://github.com/AftermathFinance/move-interfaces.git", rev = "main", subdir = "packages/amm/amm-math" }

dependencies = [
  { id = "Sui", name = "Sui" },
]

[[move.package]]
id = "InsuranceFund"
source = { git = "https://github.com/AftermathFinance/move-interfaces.git", rev = "main", subdir = "packages/amm/amm-insurance-fund" }

dependencies = [
  { id = "Sui", name = "Sui" },
]

[[move.package]]
id = "MoveStdlib"
source = { git = "https://github.com/MystenLabs/sui.git", rev = "framework/mainnet", subdir = "crates/sui-framework/packages/move-stdlib" }

[[move.package]]
id = "ProtocolFeeVault"
source = { git = "https://github.com/AftermathFinance/move-interfaces.git", rev = "main", subdir = "packages/amm/amm-protocol-fee-vault" }

dependencies = [
  { id = "InsuranceFund", name = "InsuranceFund" },
  { id = "ReferralVault", name = "ReferralVault" },
  { id = "Sui", name = "Sui" },
  { id = "Treasury", name = "Treasury" },
  { id = "utilities", name = "utilities" },
]

[[move.package]]
id = "ReferralVault"
source = { git = "https://github.com/AftermathFinance/move-interfaces.git", rev = "main", subdir = "packages/amm/amm-referral-vault" }

dependencies = [
  { id = "Sui", name = "Sui" },
]

[[move.package]]
id = "Sui"
source = { git = "https://github.com/MystenLabs/sui.git", rev = "framework/mainnet", subdir = "crates/sui-framework/packages/sui-framework" }

dependencies = [
  { id = "MoveStdlib", name = "MoveStdlib" },
]

[[move.package]]
id = "Treasury"
source = { git = "https://github.com/AftermathFinance/move-interfaces.git", rev = "main", subdir = "packages/amm/amm-treasury" }

dependencies = [
  { id = "Sui", name = "Sui" },
]

[[move.package]]
id = "utilities"
source = { git = "https://github.com/AftermathFinance/move-interfaces.git", rev = "main", subdir = "packages/utility/utilities" }

dependencies = [
  { id = "Sui", name = "Sui" },
]

[move.toolchain-version]
compiler-version = "1.38.3"
edition = "2024.beta"
flavor = "sui"
